
Microsoft Visual Studio Solution File, Format Version 12.00
# Visual Studio 15
VisualStudioVersion = 15.0.28010.2016
MinimumVisualStudioVersion = 10.0.40219.1
Project("{FAE04EC0-301F-11D3-BF4B-00C04F79EFBC}") = "StockExchange", "StockExchange\StockExchange.csproj", "{A95A4A2D-6147-44AA-A33A-942D64D4DD9C}"
EndProject
Project("{FAE04EC0-301F-11D3-BF4B-00C04F79EFBC}") = "StockExchangeTest", "StockExchangeTest\StockExchangeTest.csproj", "{97368AB3-84A2-4CB5-9C59-EBE83EEA7E97}"
EndProject
Global
	GlobalSection(SolutionConfigurationPlatforms) = preSolution
		Debug|Any CPU = Debug|Any CPU
		Release|Any CPU = Release|Any CPU
	EndGlobalSection
	GlobalSection(ProjectConfigurationPlatforms) = postSolution
		{A95A4A2D-6147-44AA-A33A-942D64D4DD9C}.Debug|Any CPU.ActiveCfg = Debug|Any CPU
		{A95A4A2D-6147-44AA-A33A-942D64D4DD9C}.Debug|Any CPU.Build.0 = Debug|Any CPU
		{A95A4A2D-6147-44AA-A33A-942D64D4DD9C}.Release|Any CPU.ActiveCfg = Release|Any CPU
		{A95A4A2D-6147-44AA-A33A-942D64D4DD9C}.Release|Any CPU.Build.0 = Release|Any CPU
		{97368AB3-84A2-4CB5-9C59-EBE83EEA7E97}.Debug|Any CPU.ActiveCfg = Debug|Any CPU
		{97368AB3-84A2-4CB5-9C59-EBE83EEA7E97}.Debug|Any CPU.Build.0 = Debug|Any CPU
		{97368AB3-84A2-4CB5-9C59-EBE83EEA7E97}.Release|Any CPU.ActiveCfg = Release|Any CPU
		{97368AB3-84A2-4CB5-9C59-EBE83EEA7E97}.Release|Any CPU.Build.0 = Release|Any CPU
	EndGlobalSection
	GlobalSection(SolutionProperties) = preSolution
		HideSolutionNode = FALSE
	EndGlobalSection
	GlobalSection(ExtensibilityGlobals) = postSolution
		SolutionGuid = {A89A166C-5E85-4591-9194-5753DB22B3B2}
	EndGlobalSection
EndGlobal
